// !$*UTF8*$!
{
	archiveVersion = 1;
	classes = {
	};
	objectVersion = 46;
	objects = {

/* Begin PBXBuildFile section */
		970D25521CE9F3AB0046100B /* ContentViewController.swift in Sources */ = {isa = PBXBuildFile; fileRef = 970D25511CE9F3AB0046100B /* ContentViewController.swift */; };
		970D25541CEB2B930046100B /* WeatherApiController.swift in Sources */ = {isa = PBXBuildFile; fileRef = 970D25531CEB2B930046100B /* WeatherApiController.swift */; };
		970D25571CEB60ED0046100B /* Weather.swift in Sources */ = {isa = PBXBuildFile; fileRef = 970D25561CEB60ED0046100B /* Weather.swift */; };
		97463F731CE1FEFD00233EF3 /* SettingsViewController.swift in Sources */ = {isa = PBXBuildFile; fileRef = 97463F721CE1FEFD00233EF3 /* SettingsViewController.swift */; };
		97463F751CE1FFC200233EF3 /* FindPlaceViewController.swift in Sources */ = {isa = PBXBuildFile; fileRef = 97463F741CE1FFC200233EF3 /* FindPlaceViewController.swift */; };
		97463F791CE200FC00233EF3 /* PlaceTableViewCell.swift in Sources */ = {isa = PBXBuildFile; fileRef = 97463F781CE200FC00233EF3 /* PlaceTableViewCell.swift */; };
		97463F7B1CE203DF00233EF3 /* CityTabBarController.swift in Sources */ = {isa = PBXBuildFile; fileRef = 97463F7A1CE203DF00233EF3 /* CityTabBarController.swift */; };
		97463F7D1CE2044700233EF3 /* WeatherViewController.swift in Sources */ = {isa = PBXBuildFile; fileRef = 97463F7C1CE2044700233EF3 /* WeatherViewController.swift */; };
		97463F7F1CE2047C00233EF3 /* GalleryViewController.swift in Sources */ = {isa = PBXBuildFile; fileRef = 97463F7E1CE2047C00233EF3 /* GalleryViewController.swift */; };
		97463F811CE205B200233EF3 /* FlightsViewController.swift in Sources */ = {isa = PBXBuildFile; fileRef = 97463F801CE205B200233EF3 /* FlightsViewController.swift */; };
		97463F841CE3506A00233EF3 /* MapKit.framework in Frameworks */ = {isa = PBXBuildFile; fileRef = 97463F831CE3506A00233EF3 /* MapKit.framework */; };
		97463F861CE3507100233EF3 /* CoreLocation.framework in Frameworks */ = {isa = PBXBuildFile; fileRef = 97463F851CE3507100233EF3 /* CoreLocation.framework */; };
		975E2B171CFF25D5002DA868 /* HappyPlacesTableViewCell.swift in Sources */ = {isa = PBXBuildFile; fileRef = 975E2B161CFF25D5002DA868 /* HappyPlacesTableViewCell.swift */; };
		979D414A1CF5B13B001B596C /* LocationSearchTableViewController.swift in Sources */ = {isa = PBXBuildFile; fileRef = 979D41491CF5B13B001B596C /* LocationSearchTableViewController.swift */; };
		979D414C1CF5B148001B596C /* Place.swift in Sources */ = {isa = PBXBuildFile; fileRef = 979D414B1CF5B148001B596C /* Place.swift */; };
		979D41511CF5C1A2001B596C /* WeatherDataProvider.swift in Sources */ = {isa = PBXBuildFile; fileRef = 979D41501CF5C1A2001B596C /* WeatherDataProvider.swift */; };
		97E168801CFDDF6E00CFC6DF /* TheETProject.xcdatamodeld in Sources */ = {isa = PBXBuildFile; fileRef = 97E1687E1CFDDF6E00CFC6DF /* TheETProject.xcdatamodeld */; };
		97E1688C1CFDE5D100CFC6DF /* HappyPlace.swift in Sources */ = {isa = PBXBuildFile; fileRef = 97E1688A1CFDE5D100CFC6DF /* HappyPlace.swift */; };
		97E1688D1CFDE5D100CFC6DF /* HappyPlace+CoreDataProperties.swift in Sources */ = {isa = PBXBuildFile; fileRef = 97E1688B1CFDE5D100CFC6DF /* HappyPlace+CoreDataProperties.swift */; };
		97E1688F1CFDEA1C00CFC6DF /* HappyPlace+Store.swift in Sources */ = {isa = PBXBuildFile; fileRef = 97E1688E1CFDEA1C00CFC6DF /* HappyPlace+Store.swift */; };
		97E176E61CFF31F400153B8C /* Main.storyboard in Resources */ = {isa = PBXBuildFile; fileRef = 97E176E51CFF31F400153B8C /* Main.storyboard */; };
		97FBDDF61CD808E200F6E118 /* AppDelegate.swift in Sources */ = {isa = PBXBuildFile; fileRef = 97FBDDF51CD808E200F6E118 /* AppDelegate.swift */; };
		97FBDDF81CD808E200F6E118 /* HappyPlacesViewController.swift in Sources */ = {isa = PBXBuildFile; fileRef = 97FBDDF71CD808E200F6E118 /* HappyPlacesViewController.swift */; };
		97FBDDFD1CD808E200F6E118 /* Assets.xcassets in Resources */ = {isa = PBXBuildFile; fileRef = 97FBDDFC1CD808E200F6E118 /* Assets.xcassets */; };
		97FBDE001CD808E200F6E118 /* LaunchScreen.storyboard in Resources */ = {isa = PBXBuildFile; fileRef = 97FBDDFE1CD808E200F6E118 /* LaunchScreen.storyboard */; };
		97FBDE0B1CD808E200F6E118 /* TheETProjectTests.swift in Sources */ = {isa = PBXBuildFile; fileRef = 97FBDE0A1CD808E200F6E118 /* TheETProjectTests.swift */; };
/* End PBXBuildFile section */

/* Begin PBXContainerItemProxy section */
		97FBDE071CD808E200F6E118 /* PBXContainerItemProxy */ = {
			isa = PBXContainerItemProxy;
			containerPortal = 97FBDDEA1CD808E200F6E118 /* Project object */;
			proxyType = 1;
			remoteGlobalIDString = 97FBDDF11CD808E200F6E118;
			remoteInfo = TheETProject;
		};
/* End PBXContainerItemProxy section */

/* Begin PBXFileReference section */
		970D25511CE9F3AB0046100B /* ContentViewController.swift */ = {isa = PBXFileReference; fileEncoding = 4; lastKnownFileType = sourcecode.swift; path = ContentViewController.swift; sourceTree = "<group>"; };
		970D25531CEB2B930046100B /* WeatherApiController.swift */ = {isa = PBXFileReference; fileEncoding = 4; lastKnownFileType = sourcecode.swift; path = WeatherApiController.swift; sourceTree = "<group>"; };
		970D25561CEB60ED0046100B /* Weather.swift */ = {isa = PBXFileReference; fileEncoding = 4; lastKnownFileType = sourcecode.swift; path = Weather.swift; sourceTree = "<group>"; };
		97463F721CE1FEFD00233EF3 /* SettingsViewController.swift */ = {isa = PBXFileReference; fileEncoding = 4; lastKnownFileType = sourcecode.swift; path = SettingsViewController.swift; sourceTree = "<group>"; };
		97463F741CE1FFC200233EF3 /* FindPlaceViewController.swift */ = {isa = PBXFileReference; fileEncoding = 4; lastKnownFileType = sourcecode.swift; path = FindPlaceViewController.swift; sourceTree = "<group>"; };
		97463F781CE200FC00233EF3 /* PlaceTableViewCell.swift */ = {isa = PBXFileReference; fileEncoding = 4; lastKnownFileType = sourcecode.swift; path = PlaceTableViewCell.swift; sourceTree = "<group>"; };
		97463F7A1CE203DF00233EF3 /* CityTabBarController.swift */ = {isa = PBXFileReference; fileEncoding = 4; lastKnownFileType = sourcecode.swift; path = CityTabBarController.swift; sourceTree = "<group>"; };
		97463F7C1CE2044700233EF3 /* WeatherViewController.swift */ = {isa = PBXFileReference; fileEncoding = 4; lastKnownFileType = sourcecode.swift; path = WeatherViewController.swift; sourceTree = "<group>"; };
		97463F7E1CE2047C00233EF3 /* GalleryViewController.swift */ = {isa = PBXFileReference; fileEncoding = 4; lastKnownFileType = sourcecode.swift; path = GalleryViewController.swift; sourceTree = "<group>"; };
		97463F801CE205B200233EF3 /* FlightsViewController.swift */ = {isa = PBXFileReference; fileEncoding = 4; lastKnownFileType = sourcecode.swift; path = FlightsViewController.swift; sourceTree = "<group>"; };
		97463F831CE3506A00233EF3 /* MapKit.framework */ = {isa = PBXFileReference; lastKnownFileType = wrapper.framework; name = MapKit.framework; path = System/Library/Frameworks/MapKit.framework; sourceTree = SDKROOT; };
		97463F851CE3507100233EF3 /* CoreLocation.framework */ = {isa = PBXFileReference; lastKnownFileType = wrapper.framework; name = CoreLocation.framework; path = System/Library/Frameworks/CoreLocation.framework; sourceTree = SDKROOT; };
		97463F881CE378C600233EF3 /* es */ = {isa = PBXFileReference; lastKnownFileType = text.plist.strings; name = es; path = es.lproj/LaunchScreen.strings; sourceTree = "<group>"; };
		975E2B161CFF25D5002DA868 /* HappyPlacesTableViewCell.swift */ = {isa = PBXFileReference; fileEncoding = 4; lastKnownFileType = sourcecode.swift; path = HappyPlacesTableViewCell.swift; sourceTree = "<group>"; };
		979D41491CF5B13B001B596C /* LocationSearchTableViewController.swift */ = {isa = PBXFileReference; fileEncoding = 4; lastKnownFileType = sourcecode.swift; path = LocationSearchTableViewController.swift; sourceTree = "<group>"; };
		979D414B1CF5B148001B596C /* Place.swift */ = {isa = PBXFileReference; fileEncoding = 4; lastKnownFileType = sourcecode.swift; path = Place.swift; sourceTree = "<group>"; };
		979D41501CF5C1A2001B596C /* WeatherDataProvider.swift */ = {isa = PBXFileReference; fileEncoding = 4; lastKnownFileType = sourcecode.swift; path = WeatherDataProvider.swift; sourceTree = "<group>"; };
		97E1687F1CFDDF6E00CFC6DF /* TheETProject.xcdatamodel */ = {isa = PBXFileReference; lastKnownFileType = wrapper.xcdatamodel; path = TheETProject.xcdatamodel; sourceTree = "<group>"; };
		97E1688A1CFDE5D100CFC6DF /* HappyPlace.swift */ = {isa = PBXFileReference; fileEncoding = 4; lastKnownFileType = sourcecode.swift; name = HappyPlace.swift; path = TheETProject/HappyPlace.swift; sourceTree = "<group>"; };
		97E1688B1CFDE5D100CFC6DF /* HappyPlace+CoreDataProperties.swift */ = {isa = PBXFileReference; fileEncoding = 4; lastKnownFileType = sourcecode.swift; name = "HappyPlace+CoreDataProperties.swift"; path = "TheETProject/HappyPlace+CoreDataProperties.swift"; sourceTree = "<group>"; };
		97E1688E1CFDEA1C00CFC6DF /* HappyPlace+Store.swift */ = {isa = PBXFileReference; fileEncoding = 4; lastKnownFileType = sourcecode.swift; name = "HappyPlace+Store.swift"; path = "TheETProject/HappyPlace+Store.swift"; sourceTree = "<group>"; };
		97E176E51CFF31F400153B8C /* Main.storyboard */ = {isa = PBXFileReference; fileEncoding = 4; lastKnownFileType = file.storyboard; path = Main.storyboard; sourceTree = "<group>"; };
		97FBDDF21CD808E200F6E118 /* TheETProject.app */ = {isa = PBXFileReference; explicitFileType = wrapper.application; includeInIndex = 0; path = TheETProject.app; sourceTree = BUILT_PRODUCTS_DIR; };
		97FBDDF51CD808E200F6E118 /* AppDelegate.swift */ = {isa = PBXFileReference; lastKnownFileType = sourcecode.swift; path = AppDelegate.swift; sourceTree = "<group>"; };
		97FBDDF71CD808E200F6E118 /* HappyPlacesViewController.swift */ = {isa = PBXFileReference; lastKnownFileType = sourcecode.swift; path = HappyPlacesViewController.swift; sourceTree = "<group>"; };
		97FBDDFC1CD808E200F6E118 /* Assets.xcassets */ = {isa = PBXFileReference; lastKnownFileType = folder.assetcatalog; path = Assets.xcassets; sourceTree = "<group>"; };
		97FBDDFF1CD808E200F6E118 /* Base */ = {isa = PBXFileReference; lastKnownFileType = file.storyboard; name = Base; path = Base.lproj/LaunchScreen.storyboard; sourceTree = "<group>"; };
		97FBDE011CD808E200F6E118 /* Info.plist */ = {isa = PBXFileReference; lastKnownFileType = text.plist.xml; path = Info.plist; sourceTree = "<group>"; };
		97FBDE061CD808E200F6E118 /* TheETProjectTests.xctest */ = {isa = PBXFileReference; explicitFileType = wrapper.cfbundle; includeInIndex = 0; path = TheETProjectTests.xctest; sourceTree = BUILT_PRODUCTS_DIR; };
		97FBDE0A1CD808E200F6E118 /* TheETProjectTests.swift */ = {isa = PBXFileReference; lastKnownFileType = sourcecode.swift; path = TheETProjectTests.swift; sourceTree = "<group>"; };
		97FBDE0C1CD808E200F6E118 /* Info.plist */ = {isa = PBXFileReference; lastKnownFileType = text.plist.xml; path = Info.plist; sourceTree = "<group>"; };
/* End PBXFileReference section */

/* Begin PBXFrameworksBuildPhase section */
		97FBDDEF1CD808E200F6E118 /* Frameworks */ = {
			isa = PBXFrameworksBuildPhase;
			buildActionMask = 2147483647;
			files = (
				97463F861CE3507100233EF3 /* CoreLocation.framework in Frameworks */,
				97463F841CE3506A00233EF3 /* MapKit.framework in Frameworks */,
			);
			runOnlyForDeploymentPostprocessing = 0;
		};
		97FBDE031CD808E200F6E118 /* Frameworks */ = {
			isa = PBXFrameworksBuildPhase;
			buildActionMask = 2147483647;
			files = (
			);
			runOnlyForDeploymentPostprocessing = 0;
		};
/* End PBXFrameworksBuildPhase section */

/* Begin PBXGroup section */
		970D254F1CE9BF060046100B /* Models */ = {
			isa = PBXGroup;
			children = (
				970D25561CEB60ED0046100B /* Weather.swift */,
				979D414B1CF5B148001B596C /* Place.swift */,
			);
			name = Models;
			sourceTree = "<group>";
		};
		970D25501CE9BF560046100B /* Custom cells */ = {
			isa = PBXGroup;
			children = (
				975E2B161CFF25D5002DA868 /* HappyPlacesTableViewCell.swift */,
				97463F781CE200FC00233EF3 /* PlaceTableViewCell.swift */,
			);
			name = "Custom cells";
			sourceTree = "<group>";
		};
		970D25551CEB2B9E0046100B /* Api Controllers */ = {
			isa = PBXGroup;
			children = (
				970D25531CEB2B930046100B /* WeatherApiController.swift */,
			);
			name = "Api Controllers";
			sourceTree = "<group>";
		};
		97463F821CE2699B00233EF3 /* View Controllers */ = {
			isa = PBXGroup;
			children = (
				97FBDDF71CD808E200F6E118 /* HappyPlacesViewController.swift */,
				97463F741CE1FFC200233EF3 /* FindPlaceViewController.swift */,
				97463F7A1CE203DF00233EF3 /* CityTabBarController.swift */,
				970D25511CE9F3AB0046100B /* ContentViewController.swift */,
				97463F7C1CE2044700233EF3 /* WeatherViewController.swift */,
				97463F7E1CE2047C00233EF3 /* GalleryViewController.swift */,
				97463F801CE205B200233EF3 /* FlightsViewController.swift */,
				979D41491CF5B13B001B596C /* LocationSearchTableViewController.swift */,
				97463F721CE1FEFD00233EF3 /* SettingsViewController.swift */,
			);
			name = "View Controllers";
			sourceTree = "<group>";
		};
		979D41521CF5C55C001B596C /* Data Providers */ = {
			isa = PBXGroup;
			children = (
				979D41501CF5C1A2001B596C /* WeatherDataProvider.swift */,
			);
			name = "Data Providers";
			sourceTree = "<group>";
		};
		97E168891CFDE52F00CFC6DF /* CoreData Models */ = {
			isa = PBXGroup;
			children = (
				97E1688A1CFDE5D100CFC6DF /* HappyPlace.swift */,
				97E1688B1CFDE5D100CFC6DF /* HappyPlace+CoreDataProperties.swift */,
				97E1688E1CFDEA1C00CFC6DF /* HappyPlace+Store.swift */,
			);
			name = "CoreData Models";
			path = ..;
			sourceTree = "<group>";
		};
		97FBDDE91CD808E200F6E118 = {
			isa = PBXGroup;
			children = (
				97FBDDF41CD808E200F6E118 /* TheETProject */,
				97FBDE091CD808E200F6E118 /* TheETProjectTests */,
				97FBDDF31CD808E200F6E118 /* Products */,
				97463F851CE3507100233EF3 /* CoreLocation.framework */,
				97463F831CE3506A00233EF3 /* MapKit.framework */,
			);
			sourceTree = "<group>";
		};
		97FBDDF31CD808E200F6E118 /* Products */ = {
			isa = PBXGroup;
			children = (
				97FBDDF21CD808E200F6E118 /* TheETProject.app */,
				97FBDE061CD808E200F6E118 /* TheETProjectTests.xctest */,
			);
			name = Products;
			sourceTree = "<group>";
		};
		97FBDDF41CD808E200F6E118 /* TheETProject */ = {
			isa = PBXGroup;
			children = (
				97FBDDF51CD808E200F6E118 /* AppDelegate.swift */,
				97463F821CE2699B00233EF3 /* View Controllers */,
				97E168891CFDE52F00CFC6DF /* CoreData Models */,
				970D254F1CE9BF060046100B /* Models */,
				970D25551CEB2B9E0046100B /* Api Controllers */,
				979D41521CF5C55C001B596C /* Data Providers */,
				970D25501CE9BF560046100B /* Custom cells */,
				97E176E51CFF31F400153B8C /* Main.storyboard */,
				97FBDDFC1CD808E200F6E118 /* Assets.xcassets */,
				97FBDDFE1CD808E200F6E118 /* LaunchScreen.storyboard */,
				97FBDE011CD808E200F6E118 /* Info.plist */,
				97E1687E1CFDDF6E00CFC6DF /* TheETProject.xcdatamodeld */,
			);
			path = TheETProject;
			sourceTree = "<group>";
		};
		97FBDE091CD808E200F6E118 /* TheETProjectTests */ = {
			isa = PBXGroup;
			children = (
				97FBDE0A1CD808E200F6E118 /* TheETProjectTests.swift */,
				97FBDE0C1CD808E200F6E118 /* Info.plist */,
			);
			path = TheETProjectTests;
			sourceTree = "<group>";
		};
/* End PBXGroup section */

/* Begin PBXNativeTarget section */
		97FBDDF11CD808E200F6E118 /* TheETProject */ = {
			isa = PBXNativeTarget;
			buildConfigurationList = 97FBDE0F1CD808E200F6E118 /* Build configuration list for PBXNativeTarget "TheETProject" */;
			buildPhases = (
				97FBDDEE1CD808E200F6E118 /* Sources */,
				97FBDDEF1CD808E200F6E118 /* Frameworks */,
				97FBDDF01CD808E200F6E118 /* Resources */,
			);
			buildRules = (
			);
			dependencies = (
			);
			name = TheETProject;
			productName = TheETProject;
			productReference = 97FBDDF21CD808E200F6E118 /* TheETProject.app */;
			productType = "com.apple.product-type.application";
		};
		97FBDE051CD808E200F6E118 /* TheETProjectTests */ = {
			isa = PBXNativeTarget;
			buildConfigurationList = 97FBDE121CD808E200F6E118 /* Build configuration list for PBXNativeTarget "TheETProjectTests" */;
			buildPhases = (
				97FBDE021CD808E200F6E118 /* Sources */,
				97FBDE031CD808E200F6E118 /* Frameworks */,
				97FBDE041CD808E200F6E118 /* Resources */,
			);
			buildRules = (
			);
			dependencies = (
				97FBDE081CD808E200F6E118 /* PBXTargetDependency */,
			);
			name = TheETProjectTests;
			productName = TheETProjectTests;
			productReference = 97FBDE061CD808E200F6E118 /* TheETProjectTests.xctest */;
			productType = "com.apple.product-type.bundle.unit-test";
		};
/* End PBXNativeTarget section */

/* Begin PBXProject section */
		97FBDDEA1CD808E200F6E118 /* Project object */ = {
			isa = PBXProject;
			attributes = {
				LastSwiftUpdateCheck = 0720;
				LastUpgradeCheck = 0720;
				ORGANIZATIONNAME = "Belén Molina del Campo";
				TargetAttributes = {
					97FBDDF11CD808E200F6E118 = {
						CreatedOnToolsVersion = 7.2.1;
						DevelopmentTeam = HC8LG89AQC;
					};
					97FBDE051CD808E200F6E118 = {
						CreatedOnToolsVersion = 7.2.1;
						TestTargetID = 97FBDDF11CD808E200F6E118;
					};
				};
			};
			buildConfigurationList = 97FBDDED1CD808E200F6E118 /* Build configuration list for PBXProject "TheETProject" */;
			compatibilityVersion = "Xcode 3.2";
			developmentRegion = English;
			hasScannedForEncodings = 0;
			knownRegions = (
				en,
				Base,
			);
			mainGroup = 97FBDDE91CD808E200F6E118;
			productRefGroup = 97FBDDF31CD808E200F6E118 /* Products */;
			projectDirPath = "";
			projectRoot = "";
			targets = (
				97FBDDF11CD808E200F6E118 /* TheETProject */,
				97FBDE051CD808E200F6E118 /* TheETProjectTests */,
			);
		};
/* End PBXProject section */

/* Begin PBXResourcesBuildPhase section */
		97FBDDF01CD808E200F6E118 /* Resources */ = {
			isa = PBXResourcesBuildPhase;
			buildActionMask = 2147483647;
			files = (
				97E176E61CFF31F400153B8C /* Main.storyboard in Resources */,
				97FBDE001CD808E200F6E118 /* LaunchScreen.storyboard in Resources */,
				97FBDDFD1CD808E200F6E118 /* Assets.xcassets in Resources */,
			);
			runOnlyForDeploymentPostprocessing = 0;
		};
		97FBDE041CD808E200F6E118 /* Resources */ = {
			isa = PBXResourcesBuildPhase;
			buildActionMask = 2147483647;
			files = (
			);
			runOnlyForDeploymentPostprocessing = 0;
		};
/* End PBXResourcesBuildPhase section */

/* Begin PBXSourcesBuildPhase section */
		97FBDDEE1CD808E200F6E118 /* Sources */ = {
			isa = PBXSourcesBuildPhase;
			buildActionMask = 2147483647;
			files = (
				97463F811CE205B200233EF3 /* FlightsViewController.swift in Sources */,
				97FBDDF81CD808E200F6E118 /* HappyPlacesViewController.swift in Sources */,
				97E168801CFDDF6E00CFC6DF /* TheETProject.xcdatamodeld in Sources */,
				970D25541CEB2B930046100B /* WeatherApiController.swift in Sources */,
				979D41511CF5C1A2001B596C /* WeatherDataProvider.swift in Sources */,
				97463F7F1CE2047C00233EF3 /* GalleryViewController.swift in Sources */,
				979D414A1CF5B13B001B596C /* LocationSearchTableViewController.swift in Sources */,
				979D414C1CF5B148001B596C /* Place.swift in Sources */,
				970D25521CE9F3AB0046100B /* ContentViewController.swift in Sources */,
				970D25571CEB60ED0046100B /* Weather.swift in Sources */,
				97463F7B1CE203DF00233EF3 /* CityTabBarController.swift in Sources */,
				97463F751CE1FFC200233EF3 /* FindPlaceViewController.swift in Sources */,
				97FBDDF61CD808E200F6E118 /* AppDelegate.swift in Sources */,
				97E1688F1CFDEA1C00CFC6DF /* HappyPlace+Store.swift in Sources */,
				975E2B171CFF25D5002DA868 /* HappyPlacesTableViewCell.swift in Sources */,
				97463F7D1CE2044700233EF3 /* WeatherViewController.swift in Sources */,
				97E1688C1CFDE5D100CFC6DF /* HappyPlace.swift in Sources */,
				97463F731CE1FEFD00233EF3 /* SettingsViewController.swift in Sources */,
				97E1688D1CFDE5D100CFC6DF /* HappyPlace+CoreDataProperties.swift in Sources */,
				97463F791CE200FC00233EF3 /* PlaceTableViewCell.swift in Sources */,
			);
			runOnlyForDeploymentPostprocessing = 0;
		};
		97FBDE021CD808E200F6E118 /* Sources */ = {
			isa = PBXSourcesBuildPhase;
			buildActionMask = 2147483647;
			files = (
				97FBDE0B1CD808E200F6E118 /* TheETProjectTests.swift in Sources */,
			);
			runOnlyForDeploymentPostprocessing = 0;
		};
/* End PBXSourcesBuildPhase section */

/* Begin PBXTargetDependency section */
		97FBDE081CD808E200F6E118 /* PBXTargetDependency */ = {
			isa = PBXTargetDependency;
			target = 97FBDDF11CD808E200F6E118 /* TheETProject */;
			targetProxy = 97FBDE071CD808E200F6E118 /* PBXContainerItemProxy */;
		};
/* End PBXTargetDependency section */

/* Begin PBXVariantGroup section */
		97FBDDFE1CD808E200F6E118 /* LaunchScreen.storyboard */ = {
			isa = PBXVariantGroup;
			children = (
				97FBDDFF1CD808E200F6E118 /* Base */,
				97463F881CE378C600233EF3 /* es */,
			);
			name = LaunchScreen.storyboard;
			sourceTree = "<group>";
		};
/* End PBXVariantGroup section */

/* Begin XCBuildConfiguration section */
		97FBDE0D1CD808E200F6E118 /* Debug */ = {
			isa = XCBuildConfiguration;
			buildSettings = {
				ALWAYS_SEARCH_USER_PATHS = NO;
				CLANG_CXX_LANGUAGE_STANDARD = "gnu++0x";
				CLANG_CXX_LIBRARY = "libc++";
				CLANG_ENABLE_MODULES = YES;
				CLANG_ENABLE_OBJC_ARC = YES;
				CLANG_WARN_BOOL_CONVERSION = YES;
				CLANG_WARN_CONSTANT_CONVERSION = YES;
				CLANG_WARN_DIRECT_OBJC_ISA_USAGE = YES_ERROR;
				CLANG_WARN_EMPTY_BODY = YES;
				CLANG_WARN_ENUM_CONVERSION = YES;
				CLANG_WARN_INT_CONVERSION = YES;
				CLANG_WARN_OBJC_ROOT_CLASS = YES_ERROR;
				CLANG_WARN_UNREACHABLE_CODE = YES;
				CLANG_WARN__DUPLICATE_METHOD_MATCH = YES;
				"CODE_SIGN_IDENTITY[sdk=iphoneos*]" = "iPhone Developer";
				COPY_PHASE_STRIP = NO;
				DEBUG_INFORMATION_FORMAT = dwarf;
				ENABLE_STRICT_OBJC_MSGSEND = YES;
				ENABLE_TESTABILITY = YES;
				GCC_C_LANGUAGE_STANDARD = gnu99;
				GCC_DYNAMIC_NO_PIC = NO;
				GCC_NO_COMMON_BLOCKS = YES;
				GCC_OPTIMIZATION_LEVEL = 0;
				GCC_PREPROCESSOR_DEFINITIONS = (
					"DEBUG=1",
					"$(inherited)",
				);
				GCC_WARN_64_TO_32_BIT_CONVERSION = YES;
				GCC_WARN_ABOUT_RETURN_TYPE = YES_ERROR;
				GCC_WARN_UNDECLARED_SELECTOR = YES;
				GCC_WARN_UNINITIALIZED_AUTOS = YES_AGGRESSIVE;
				GCC_WARN_UNUSED_FUNCTION = YES;
				GCC_WARN_UNUSED_VARIABLE = YES;
				IPHONEOS_DEPLOYMENT_TARGET = 9.2;
				MTL_ENABLE_DEBUG_INFO = YES;
				ONLY_ACTIVE_ARCH = YES;
				SDKROOT = iphoneos;
				SWIFT_OPTIMIZATION_LEVEL = "-Onone";
			};
			name = Debug;
		};
		97FBDE0E1CD808E200F6E118 /* Release */ = {
			isa = XCBuildConfiguration;
			buildSettings = {
				ALWAYS_SEARCH_USER_PATHS = NO;
				CLANG_CXX_LANGUAGE_STANDARD = "gnu++0x";
				CLANG_CXX_LIBRARY = "libc++";
				CLANG_ENABLE_MODULES = YES;
				CLANG_ENABLE_OBJC_ARC = YES;
				CLANG_WARN_BOOL_CONVERSION = YES;
				CLANG_WARN_CONSTANT_CONVERSION = YES;
				CLANG_WARN_DIRECT_OBJC_ISA_USAGE = YES_ERROR;
				CLANG_WARN_EMPTY_BODY = YES;
				CLANG_WARN_ENUM_CONVERSION = YES;
				CLANG_WARN_INT_CONVERSION = YES;
				CLANG_WARN_OBJC_ROOT_CLASS = YES_ERROR;
				CLANG_WARN_UNREACHABLE_CODE = YES;
				CLANG_WARN__DUPLICATE_METHOD_MATCH = YES;
				"CODE_SIGN_IDENTITY[sdk=iphoneos*]" = "iPhone Developer";
				COPY_PHASE_STRIP = NO;
				DEBUG_INFORMATION_FORMAT = "dwarf-with-dsym";
				ENABLE_NS_ASSERTIONS = NO;
				ENABLE_STRICT_OBJC_MSGSEND = YES;
				GCC_C_LANGUAGE_STANDARD = gnu99;
				GCC_NO_COMMON_BLOCKS = YES;
				GCC_WARN_64_TO_32_BIT_CONVERSION = YES;
				GCC_WARN_ABOUT_RETURN_TYPE = YES_ERROR;
				GCC_WARN_UNDECLARED_SELECTOR = YES;
				GCC_WARN_UNINITIALIZED_AUTOS = YES_AGGRESSIVE;
				GCC_WARN_UNUSED_FUNCTION = YES;
				GCC_WARN_UNUSED_VARIABLE = YES;
				IPHONEOS_DEPLOYMENT_TARGET = 9.2;
				MTL_ENABLE_DEBUG_INFO = NO;
				SDKROOT = iphoneos;
				VALIDATE_PRODUCT = YES;
			};
			name = Release;
		};
		97FBDE101CD808E200F6E118 /* Debug */ = {
			isa = XCBuildConfiguration;
			buildSettings = {
				ASSETCATALOG_COMPILER_APPICON_NAME = AppIcon;
				CODE_SIGN_IDENTITY = "iPhone Developer";
				INFOPLIST_FILE = TheETProject/Info.plist;
				LD_RUNPATH_SEARCH_PATHS = "$(inherited) @executable_path/Frameworks";
				PRODUCT_BUNDLE_IDENTIFIER = com.bmc.TheETProject;
				PRODUCT_NAME = "$(TARGET_NAME)";
			};
			name = Debug;
		};
		97FBDE111CD808E200F6E118 /* Release */ = {
			isa = XCBuildConfiguration;
			buildSettings = {
				ASSETCATALOG_COMPILER_APPICON_NAME = AppIcon;
				CODE_SIGN_IDENTITY = "iPhone Developer";
				INFOPLIST_FILE = TheETProject/Info.plist;
				LD_RUNPATH_SEARCH_PATHS = "$(inherited) @executable_path/Frameworks";
				PRODUCT_BUNDLE_IDENTIFIER = com.bmc.TheETProject;
				PRODUCT_NAME = "$(TARGET_NAME)";
			};
			name = Release;
		};
		97FBDE131CD808E200F6E118 /* Debug */ = {
			isa = XCBuildConfiguration;
			buildSettings = {
				BUNDLE_LOADER = "$(TEST_HOST)";
				INFOPLIST_FILE = TheETProjectTests/Info.plist;
				LD_RUNPATH_SEARCH_PATHS = "$(inherited) @executable_path/Frameworks @loader_path/Frameworks";
				PRODUCT_BUNDLE_IDENTIFIER = com.bmc.TheETProjectTests;
				PRODUCT_NAME = "$(TARGET_NAME)";
				TEST_HOST = "$(BUILT_PRODUCTS_DIR)/TheETProject.app/TheETProject";
			};
			name = Debug;
		};
		97FBDE141CD808E200F6E118 /* Release */ = {
			isa = XCBuildConfiguration;
			buildSettings = {
				BUNDLE_LOADER = "$(TEST_HOST)";
				INFOPLIST_FILE = TheETProjectTests/Info.plist;
				LD_RUNPATH_SEARCH_PATHS = "$(inherited) @executable_path/Frameworks @loader_path/Frameworks";
				PRODUCT_BUNDLE_IDENTIFIER = com.bmc.TheETProjectTests;
				PRODUCT_NAME = "$(TARGET_NAME)";
				TEST_HOST = "$(BUILT_PRODUCTS_DIR)/TheETProject.app/TheETProject";
			};
			name = Release;
		};
/* End XCBuildConfiguration section */

/* Begin XCConfigurationList section */
		97FBDDED1CD808E200F6E118 /* Build configuration list for PBXProject "TheETProject" */ = {
			isa = XCConfigurationList;
			buildConfigurations = (
				97FBDE0D1CD808E200F6E118 /* Debug */,
				97FBDE0E1CD808E200F6E118 /* Release */,
			);
			defaultConfigurationIsVisible = 0;
			defaultConfigurationName = Release;
		};
		97FBDE0F1CD808E200F6E118 /* Build configuration list for PBXNativeTarget "TheETProject" */ = {
			isa = XCConfigurationList;
			buildConfigurations = (
				97FBDE101CD808E200F6E118 /* Debug */,
				97FBDE111CD808E200F6E118 /* Release */,
			);
			defaultConfigurationIsVisible = 0;
			defaultConfigurationName = Release;
		};
		97FBDE121CD808E200F6E118 /* Build configuration list for PBXNativeTarget "TheETProjectTests" */ = {
			isa = XCConfigurationList;
			buildConfigurations = (
				97FBDE131CD808E200F6E118 /* Debug */,
				97FBDE141CD808E200F6E118 /* Release */,
			);
			defaultConfigurationIsVisible = 0;
			defaultConfigurationName = Release;
		};
/* End XCConfigurationList section */

/* Begin XCVersionGroup section */
		97E1687E1CFDDF6E00CFC6DF /* TheETProject.xcdatamodeld */ = {
			isa = XCVersionGroup;
			children = (
				97E1687F1CFDDF6E00CFC6DF /* TheETProject.xcdatamodel */,
			);
			currentVersion = 97E1687F1CFDDF6E00CFC6DF /* TheETProject.xcdatamodel */;
			path = TheETProject.xcdatamodeld;
			sourceTree = "<group>";
			versionGroupType = wrapper.xcdatamodel;
		};
/* End XCVersionGroup section */
	};
	rootObject = 97FBDDEA1CD808E200F6E118 /* Project object */;
}
